
Microsoft Visual Studio Solution File, Format Version 12.00
Project("{FAE04EC0-301F-11D3-BF4B-00C04F79EFBC}") = "ShootingTarget", "ShootingTarget.csproj", "{BF8B8382-16E6-409F-A4B3-752B0C6FCC9F}"
EndProject
Global
	GlobalSection(SolutionConfigurationPlatforms) = preSolution
		Debug|Any CPU = Debug|Any CPU
		Release|Any CPU = Release|Any CPU
	EndGlobalSection
	GlobalSection(ProjectConfigurationPlatforms) = postSolution
		{BF8B8382-16E6-409F-A4B3-752B0C6FCC9F}.Debug|Any CPU.ActiveCfg = Debug|Any CPU
		{BF8B8382-16E6-409F-A4B3-752B0C6FCC9F}.Debug|Any CPU.Build.0 = Debug|Any CPU
		{BF8B8382-16E6-409F-A4B3-752B0C6FCC9F}.Release|Any CPU.ActiveCfg = Release|Any CPU
		{BF8B8382-16E6-409F-A4B3-752B0C6FCC9F}.Release|Any CPU.Build.0 = Release|Any CPU
	EndGlobalSection
EndGlobal
